# Generated by pub
# See https://dart.dev/tools/pub/glossary#lockfile
packages:
  flutter_lints:
    dependency: "direct dev"
    description:
      path: "."
      ref: HEAD
      resolved-ref: "839a835b4577b79bee3803328154b54bda02d646"
      url: "https://github.com/kumsumit/flutter_lints.git"
    source: git
    version: "2.0.3"
  lints:
    dependency: transitive
    description:
      name: lints
      sha256: "0a217c6c989d21039f1498c3ed9f3ed71b354e69873f13a8dfc3c9fe76f1b452"
      url: "https://pub.dev"
    source: hosted
    version: "2.1.1"
sdks:
  dart: ">=3.1.0 <4.0.0"
